
Microsoft Visual Studio Solution File, Format Version 12.00
# Visual Studio Version 16
VisualStudioVersion = 16.0.31229.75
MinimumVisualStudioVersion = 10.0.40219.1
Project("{8BC9CEB8-8B4A-11D0-8D11-00A0C91BC942}") = "SK-Lib-cmath-log-Bagian4__CPP", "SK-Lib-cmath-log-Bagian4__CPP\SK-Lib-cmath-log-Bagian4__CPP.vcxproj", "{A823FC5D-9255-4A56-8E75-A727BFBFAD89}"
EndProject
Global
	GlobalSection(SolutionConfigurationPlatforms) = preSolution
		Debug|x64 = Debug|x64
		Debug|x86 = Debug|x86
		Release|x64 = Release|x64
		Release|x86 = Release|x86
	EndGlobalSection
	GlobalSection(ProjectConfigurationPlatforms) = postSolution
		{A823FC5D-9255-4A56-8E75-A727BFBFAD89}.Debug|x64.ActiveCfg = Debug|x64
		{A823FC5D-9255-4A56-8E75-A727BFBFAD89}.Debug|x64.Build.0 = Debug|x64
		{A823FC5D-9255-4A56-8E75-A727BFBFAD89}.Debug|x86.ActiveCfg = Debug|Win32
		{A823FC5D-9255-4A56-8E75-A727BFBFAD89}.Debug|x86.Build.0 = Debug|Win32
		{A823FC5D-9255-4A56-8E75-A727BFBFAD89}.Release|x64.ActiveCfg = Release|x64
		{A823FC5D-9255-4A56-8E75-A727BFBFAD89}.Release|x64.Build.0 = Release|x64
		{A823FC5D-9255-4A56-8E75-A727BFBFAD89}.Release|x86.ActiveCfg = Release|Win32
		{A823FC5D-9255-4A56-8E75-A727BFBFAD89}.Release|x86.Build.0 = Release|Win32
	EndGlobalSection
	GlobalSection(SolutionProperties) = preSolution
		HideSolutionNode = FALSE
	EndGlobalSection
	GlobalSection(ExtensibilityGlobals) = postSolution
		SolutionGuid = {008377EB-8FD5-4739-A684-5052FE496A09}
	EndGlobalSection
EndGlobal
